
Microsoft Visual Studio Solution File, Format Version 12.00
# Visual Studio Version 17
VisualStudioVersion = 17.1.32414.318
MinimumVisualStudioVersion = 10.0.40219.1
Project("{FAE04EC0-301F-11D3-BF4B-00C04F79EFBC}") = "ContactTracingApp", "ContactTracingApp.csproj", "{08F83422-8A13-4CCD-9394-414FDD08C35C}"
EndProject
Global
	GlobalSection(SolutionConfigurationPlatforms) = preSolution
		Debug|Any CPU = Debug|Any CPU
		Release|Any CPU = Release|Any CPU
	EndGlobalSection
	GlobalSection(ProjectConfigurationPlatforms) = postSolution
		{08F83422-8A13-4CCD-9394-414FDD08C35C}.Debug|Any CPU.ActiveCfg = Debug|Any CPU
		{08F83422-8A13-4CCD-9394-414FDD08C35C}.Debug|Any CPU.Build.0 = Debug|Any CPU
		{08F83422-8A13-4CCD-9394-414FDD08C35C}.Release|Any CPU.ActiveCfg = Release|Any CPU
		{08F83422-8A13-4CCD-9394-414FDD08C35C}.Release|Any CPU.Build.0 = Release|Any CPU
	EndGlobalSection
	GlobalSection(SolutionProperties) = preSolution
		HideSolutionNode = FALSE
	EndGlobalSection
	GlobalSection(ExtensibilityGlobals) = postSolution
		SolutionGuid = {1D754491-113C-4B69-8B64-D2B655A37D70}
	EndGlobalSection
EndGlobal
